
Microsoft Visual Studio Solution File, Format Version 12.00
# Visual Studio Version 17
VisualStudioVersion = 17.11.35303.130
MinimumVisualStudioVersion = 10.0.40219.1
Project("{FAE04EC0-301F-11D3-BF4B-00C04F79EFBC}") = "BankingSystemManagement", "BankingSystemManagement\BankingSystemManagement.csproj", "{FBE64350-D689-4BCA-BE2E-4A977CB2EB0F}"
EndProject
Global
	GlobalSection(SolutionConfigurationPlatforms) = preSolution
		Debug|Any CPU = Debug|Any CPU
		Release|Any CPU = Release|Any CPU
	EndGlobalSection
	GlobalSection(ProjectConfigurationPlatforms) = postSolution
		{FBE64350-D689-4BCA-BE2E-4A977CB2EB0F}.Debug|Any CPU.ActiveCfg = Debug|Any CPU
		{FBE64350-D689-4BCA-BE2E-4A977CB2EB0F}.Debug|Any CPU.Build.0 = Debug|Any CPU
		{FBE64350-D689-4BCA-BE2E-4A977CB2EB0F}.Release|Any CPU.ActiveCfg = Release|Any CPU
		{FBE64350-D689-4BCA-BE2E-4A977CB2EB0F}.Release|Any CPU.Build.0 = Release|Any CPU
	EndGlobalSection
	GlobalSection(SolutionProperties) = preSolution
		HideSolutionNode = FALSE
	EndGlobalSection
	GlobalSection(ExtensibilityGlobals) = postSolution
		SolutionGuid = {AC909C5A-1860-4E7E-B8AE-44A46DCD062C}
	EndGlobalSection
EndGlobal
